{
  "version": 4,
  "terraform_version": "1.0.8",
  "serial": 26,
  "lineage": "11f9310e-2515-1c82-4fd0-fff2cb1eebe9",
  "outputs": {},
  "resources": [
    {
      "mode": "data",
      "type": "aws_ami",
      "name": "amazon_linux",
      "provider": "provider[\"registry.terraform.io/hashicorp/aws\"]",
      "instances": [
        {
          "schema_version": 0,
          "attributes": {
            "architecture": "x86_64",
            "arn": "arn:aws:ec2:ap-northeast-2::image/ami-03787d1dcbb31f926",
            "block_device_mappings": [
              {
                "device_name": "/dev/xvda",
                "ebs": {
                  "delete_on_termination": "true",
                  "encrypted": "false",
                  "iops": "0",
                  "snapshot_id": "snap-0d78539f428b88969",
                  "throughput": "0",
                  "volume_size": "8",
                  "volume_type": "standard"
                },
                "no_device": "",
                "virtual_name": ""
              }
            ],
            "creation_date": "2021-10-05T18:17:27.000Z",
            "description": "Amazon Linux 2 AMI 2.0.20211001.1 x86_64 HVM ebs",
            "ena_support": true,
            "executable_users": null,
            "filter": [
              {
                "name": "name",
                "values": [
                  "amzn2-ami-hvm-*-x86_64-ebs"
                ]
              }
            ],
            "hypervisor": "xen",
            "id": "ami-03787d1dcbb31f926",
            "image_id": "ami-03787d1dcbb31f926",
            "image_location": "amazon/amzn2-ami-hvm-2.0.20211001.1-x86_64-ebs",
            "image_owner_alias": "amazon",
            "image_type": "machine",
            "kernel_id": null,
            "most_recent": true,
            "name": "amzn2-ami-hvm-2.0.20211001.1-x86_64-ebs",
            "name_regex": null,
            "owner_id": "137112412989",
            "owners": [
              "amazon"
            ],
            "platform": null,
            "platform_details": "Linux/UNIX",
            "product_codes": [],
            "public": true,
            "ramdisk_id": null,
            "root_device_name": "/dev/xvda",
            "root_device_type": "ebs",
            "root_snapshot_id": "snap-0d78539f428b88969",
            "sriov_net_support": "simple",
            "state": "available",
            "state_reason": {
              "code": "UNSET",
              "message": "UNSET"
            },
            "tags": {},
            "usage_operation": "RunInstances",
            "virtualization_type": "hvm"
          },
          "sensitive_attributes": []
        }
      ]
    },
    {
      "mode": "managed",
      "type": "aws_eip",
      "name": "my_eip",
      "provider": "provider[\"registry.terraform.io/hashicorp/aws\"]",
      "instances": [
        {
          "schema_version": 0,
          "attributes": {
            "address": null,
            "allocation_id": null,
            "associate_with_private_ip": null,
            "association_id": "eipassoc-0fbda119e0ef68e93",
            "carrier_ip": "",
            "customer_owned_ip": "",
            "customer_owned_ipv4_pool": "",
            "domain": "vpc",
            "id": "eipalloc-0910b2e1564f8e1cb",
            "instance": "i-06127a6a1c245c893",
            "network_border_group": "ap-northeast-2",
            "network_interface": "eni-00a73c67afa1839a6",
            "private_dns": "ip-172-31-60-222.ap-northeast-2.compute.internal",
            "private_ip": "172.31.60.222",
            "public_dns": "ec2-3-37-173-20.ap-northeast-2.compute.amazonaws.com",
            "public_ip": "3.37.173.20",
            "public_ipv4_pool": "amazon",
            "tags": {},
            "tags_all": {},
            "timeouts": null,
            "vpc": true
          },
          "sensitive_attributes": [],
          "private": "eyJlMmJmYjczMC1lY2FhLTExZTYtOGY4OC0zNDM2M2JjN2M0YzAiOnsiZGVsZXRlIjoxODAwMDAwMDAwMDAsInJlYWQiOjkwMDAwMDAwMDAwMCwidXBkYXRlIjozMDAwMDAwMDAwMDB9fQ==",
          "dependencies": [
            "aws_instance.my_instance",
            "aws_security_group.my_sg_web",
            "data.aws_ami.amazon_linux"
          ]
        }
      ]
    },
    {
      "mode": "managed",
      "type": "aws_instance",
      "name": "my_instance",
      "provider": "provider[\"registry.terraform.io/hashicorp/aws\"]",
      "instances": [
        {
          "schema_version": 1,
          "attributes": {
            "ami": "ami-03787d1dcbb31f926",
            "arn": "arn:aws:ec2:ap-northeast-2:552663305295:instance/i-06127a6a1c245c893",
            "associate_public_ip_address": true,
            "availability_zone": "ap-northeast-2d",
            "capacity_reservation_specification": [
              {
                "capacity_reservation_preference": "open",
                "capacity_reservation_target": []
              }
            ],
            "cpu_core_count": 1,
            "cpu_threads_per_core": 2,
            "credit_specification": [
              {
                "cpu_credits": "unlimited"
              }
            ],
            "disable_api_termination": false,
            "ebs_block_device": [],
            "ebs_optimized": false,
            "enclave_options": [
              {
                "enabled": false
              }
            ],
            "ephemeral_block_device": [],
            "get_password_data": false,
            "hibernation": false,
            "host_id": null,
            "iam_instance_profile": "",
            "id": "i-06127a6a1c245c893",
            "instance_initiated_shutdown_behavior": "stop",
            "instance_state": "running",
            "instance_type": "t3.micro",
            "ipv6_address_count": 0,
            "ipv6_addresses": [],
            "key_name": "",
            "launch_template": [],
            "metadata_options": [
              {
                "http_endpoint": "enabled",
                "http_put_response_hop_limit": 1,
                "http_tokens": "optional"
              }
            ],
            "monitoring": false,
            "network_interface": [],
            "outpost_arn": "",
            "password_data": "",
            "placement_group": "",
            "primary_network_interface_id": "eni-00a73c67afa1839a6",
            "private_dns": "ip-172-31-60-222.ap-northeast-2.compute.internal",
            "private_ip": "172.31.60.222",
            "public_dns": "ec2-15-165-42-64.ap-northeast-2.compute.amazonaws.com",
            "public_ip": "15.165.42.64",
            "root_block_device": [
              {
                "delete_on_termination": true,
                "device_name": "/dev/xvda",
                "encrypted": false,
                "iops": 0,
                "kms_key_id": "",
                "tags": {},
                "throughput": 0,
                "volume_id": "vol-01d896a3b64876677",
                "volume_size": 8,
                "volume_type": "standard"
              }
            ],
            "secondary_private_ips": [],
            "security_groups": [
              "allow-web"
            ],
            "source_dest_check": true,
            "subnet_id": "subnet-0576859eb083c9314",
            "tags": {
              "Owner": "Community Team",
              "Service": "forum"
            },
            "tags_all": {
              "Owner": "Community Team",
              "Service": "forum"
            },
            "tenancy": "default",
            "timeouts": null,
            "user_data": "43517581fec9eacfce7a2f32ca78db5b9006bd05",
            "user_data_base64": null,
            "volume_tags": null,
            "vpc_security_group_ids": [
              "sg-01ae5024cd26be9b7"
            ]
          },
          "sensitive_attributes": [],
          "private": "eyJlMmJmYjczMC1lY2FhLTExZTYtOGY4OC0zNDM2M2JjN2M0YzAiOnsiY3JlYXRlIjo2MDAwMDAwMDAwMDAsImRlbGV0ZSI6MTIwMDAwMDAwMDAwMCwidXBkYXRlIjo2MDAwMDAwMDAwMDB9LCJzY2hlbWFfdmVyc2lvbiI6IjEifQ==",
          "dependencies": [
            "aws_security_group.my_sg_web",
            "data.aws_ami.amazon_linux"
          ]
        }
      ]
    },
    {
      "mode": "managed",
      "type": "aws_key_pair",
      "name": "my_sshkey",
      "provider": "provider[\"registry.terraform.io/hashicorp/aws\"]",
      "instances": [
        {
          "schema_version": 1,
          "attributes": {
            "arn": "arn:aws:ec2:ap-northeast-2:552663305295:key-pair/my_sshkey",
            "fingerprint": "aa:de:89:22:45:90:e7:ed:52:80:72:a7:47:ec:72:9b",
            "id": "my_sshkey",
            "key_name": "my_sshkey",
            "key_name_prefix": null,
            "key_pair_id": "key-05f96718daa3f24d3",
            "public_key": "ssh-rsa AAAAB3NzaC1yc2EAAAADAQABAAABgQDn0tO37GEzuBdF9RC5S7KYHAFRNbRVZCxEwB1e/S4Gguz8cVGlV67UX4ZhqUPDmFUciZueVdh+GlnK/tlAxevo3isKqMvBn9oOfWCzdArUHobA7m/sCVJCiYw1DxJk3qukUDjtfcVppfAbOHF124Uh2KfKKmHhbGaFK096Ma5cXP/gbag3l91SF+ZsTEYpCfsmcRKtCI6dledR3OefcnFy47JQHW2uOZFJ2TRvUn5jAQt0swJ8c7tRXUX9N/aT4K6dgiGGqPMZKx4qst2jJq4QmIZsKmkm453iLCDMRTIP34/ywucxz5fmS9O7nlz3Y5n7JocUJ2qfHvZPWKfnRNrsAbjv/SLWlKASz3QxJEMID6Mp5VeTsXfgMTMkKj4qxoMgMVURvn+yMQWA75bTPlrJ7jFevKrg+4x04OV3VsMxPrPKquI60fxbLVoYpA9T05qn6MjDmaLNq5OqWm9Ak6OeWynZ7EaEHFA6LQ1D4JGZikeLbMnvOY4AZg+yD/wue2U= azwell@azwell-KVM",
            "tags": {},
            "tags_all": {}
          },
          "sensitive_attributes": [],
          "private": "eyJzY2hlbWFfdmVyc2lvbiI6IjEifQ=="
        }
      ]
    },
    {
      "mode": "managed",
      "type": "aws_security_group",
      "name": "my_sg_web",
      "provider": "provider[\"registry.terraform.io/hashicorp/aws\"]",
      "instances": [
        {
          "schema_version": 1,
          "attributes": {
            "arn": "arn:aws:ec2:ap-northeast-2:552663305295:security-group/sg-01ae5024cd26be9b7",
            "description": "Managed by Terraform",
            "egress": [
              {
                "cidr_blocks": [
                  "0.0.0.0/0"
                ],
                "description": "",
                "from_port": 0,
                "ipv6_cidr_blocks": [],
                "prefix_list_ids": [],
                "protocol": "-1",
                "security_groups": [],
                "self": false,
                "to_port": 0
              }
            ],
            "id": "sg-01ae5024cd26be9b7",
            "ingress": [
              {
                "cidr_blocks": [
                  "0.0.0.0/0"
                ],
                "description": "",
                "from_port": 22,
                "ipv6_cidr_blocks": [],
                "prefix_list_ids": [],
                "protocol": "tcp",
                "security_groups": [],
                "self": false,
                "to_port": 22
              },
              {
                "cidr_blocks": [
                  "0.0.0.0/0"
                ],
                "description": "",
                "from_port": 80,
                "ipv6_cidr_blocks": [],
                "prefix_list_ids": [],
                "protocol": "tcp",
                "security_groups": [],
                "self": false,
                "to_port": 80
              }
            ],
            "name": "allow-web",
            "name_prefix": "",
            "owner_id": "552663305295",
            "revoke_rules_on_delete": false,
            "tags": {},
            "tags_all": {},
            "timeouts": null,
            "vpc_id": "vpc-0c3f7984df81d9960"
          },
          "sensitive_attributes": [],
          "private": "eyJlMmJmYjczMC1lY2FhLTExZTYtOGY4OC0zNDM2M2JjN2M0YzAiOnsiY3JlYXRlIjo2MDAwMDAwMDAwMDAsImRlbGV0ZSI6OTAwMDAwMDAwMDAwfSwic2NoZW1hX3ZlcnNpb24iOiIxIn0="
        }
      ]
    }
  ]
}
