{
  "version": 4,
  "terraform_version": "1.0.8",
  "serial": 70,
  "lineage": "11f9310e-2515-1c82-4fd0-fff2cb1eebe9",
  "outputs": {
    "elestic_ip": {
      "value": [
        "3.37.18.151",
        "13.209.103.191"
      ],
      "type": [
        "tuple",
        [
          "string",
          "string"
        ]
      ]
    },
    "public_ip": {
      "value": [
        "3.36.63.233",
        "13.125.20.102"
      ],
      "type": [
        "tuple",
        [
          "string",
          "string"
        ]
      ]
    }
  },
  "resources": [
    {
      "mode": "data",
      "type": "aws_ami",
      "name": "amazon_linux",
      "provider": "provider[\"registry.terraform.io/hashicorp/aws\"]",
      "instances": [
        {
          "schema_version": 0,
          "attributes": {
            "architecture": "x86_64",
            "arn": "arn:aws:ec2:ap-northeast-2::image/ami-03787d1dcbb31f926",
            "block_device_mappings": [
              {
                "device_name": "/dev/xvda",
                "ebs": {
                  "delete_on_termination": "true",
                  "encrypted": "false",
                  "iops": "0",
                  "snapshot_id": "snap-0d78539f428b88969",
                  "throughput": "0",
                  "volume_size": "8",
                  "volume_type": "standard"
                },
                "no_device": "",
                "virtual_name": ""
              }
            ],
            "creation_date": "2021-10-05T18:17:27.000Z",
            "description": "Amazon Linux 2 AMI 2.0.20211001.1 x86_64 HVM ebs",
            "ena_support": true,
            "executable_users": null,
            "filter": [
              {
                "name": "name",
                "values": [
                  "amzn2-ami-hvm-*-x86_64-ebs"
                ]
              }
            ],
            "hypervisor": "xen",
            "id": "ami-03787d1dcbb31f926",
            "image_id": "ami-03787d1dcbb31f926",
            "image_location": "amazon/amzn2-ami-hvm-2.0.20211001.1-x86_64-ebs",
            "image_owner_alias": "amazon",
            "image_type": "machine",
            "kernel_id": null,
            "most_recent": true,
            "name": "amzn2-ami-hvm-2.0.20211001.1-x86_64-ebs",
            "name_regex": null,
            "owner_id": "137112412989",
            "owners": [
              "amazon"
            ],
            "platform": null,
            "platform_details": "Linux/UNIX",
            "product_codes": [],
            "public": true,
            "ramdisk_id": null,
            "root_device_name": "/dev/xvda",
            "root_device_type": "ebs",
            "root_snapshot_id": "snap-0d78539f428b88969",
            "sriov_net_support": "simple",
            "state": "available",
            "state_reason": {
              "code": "UNSET",
              "message": "UNSET"
            },
            "tags": {},
            "usage_operation": "RunInstances",
            "virtualization_type": "hvm"
          },
          "sensitive_attributes": []
        }
      ]
    },
    {
      "mode": "managed",
      "type": "aws_eip",
      "name": "my_eip",
      "provider": "provider[\"registry.terraform.io/hashicorp/aws\"]",
      "instances": [
        {
          "index_key": 0,
          "schema_version": 0,
          "attributes": {
            "address": null,
            "allocation_id": null,
            "associate_with_private_ip": null,
            "association_id": "eipassoc-00d1b083f47fedfa6",
            "carrier_ip": "",
            "customer_owned_ip": "",
            "customer_owned_ipv4_pool": "",
            "domain": "vpc",
            "id": "eipalloc-0b1165c79bb50998b",
            "instance": "i-0383c9eece74c254d",
            "network_border_group": "ap-northeast-2",
            "network_interface": "eni-04dcddd455d11ce4e",
            "private_dns": "ip-10-0-1-167.ap-northeast-2.compute.internal",
            "private_ip": "10.0.1.167",
            "public_dns": "ec2-3-37-18-151.ap-northeast-2.compute.amazonaws.com",
            "public_ip": "3.37.18.151",
            "public_ipv4_pool": "amazon",
            "tags": null,
            "tags_all": {},
            "timeouts": null,
            "vpc": true
          },
          "sensitive_attributes": [],
          "private": "eyJlMmJmYjczMC1lY2FhLTExZTYtOGY4OC0zNDM2M2JjN2M0YzAiOnsiZGVsZXRlIjoxODAwMDAwMDAwMDAsInJlYWQiOjkwMDAwMDAwMDAwMCwidXBkYXRlIjozMDAwMDAwMDAwMDB9fQ==",
          "dependencies": [
            "aws_instance.my_instance",
            "aws_key_pair.my_sshkey",
            "aws_security_group.my_sg_web",
            "data.aws_ami.amazon_linux",
            "module.my_vpc.aws_subnet.public",
            "module.my_vpc.aws_vpc.this",
            "module.my_vpc.aws_vpc_ipv4_cidr_block_association.this"
          ]
        },
        {
          "index_key": 1,
          "schema_version": 0,
          "attributes": {
            "address": null,
            "allocation_id": null,
            "associate_with_private_ip": null,
            "association_id": "eipassoc-0ff2ef5aa2eecb5bc",
            "carrier_ip": "",
            "customer_owned_ip": "",
            "customer_owned_ipv4_pool": "",
            "domain": "vpc",
            "id": "eipalloc-0bf68b6d27279d3a2",
            "instance": "i-083d15090f614a881",
            "network_border_group": "ap-northeast-2",
            "network_interface": "eni-0bc6548eee62b9fe5",
            "private_dns": "ip-10-0-2-16.ap-northeast-2.compute.internal",
            "private_ip": "10.0.2.16",
            "public_dns": "ec2-13-209-103-191.ap-northeast-2.compute.amazonaws.com",
            "public_ip": "13.209.103.191",
            "public_ipv4_pool": "amazon",
            "tags": null,
            "tags_all": {},
            "timeouts": null,
            "vpc": true
          },
          "sensitive_attributes": [],
          "private": "eyJlMmJmYjczMC1lY2FhLTExZTYtOGY4OC0zNDM2M2JjN2M0YzAiOnsiZGVsZXRlIjoxODAwMDAwMDAwMDAsInJlYWQiOjkwMDAwMDAwMDAwMCwidXBkYXRlIjozMDAwMDAwMDAwMDB9fQ==",
          "dependencies": [
            "aws_instance.my_instance",
            "aws_key_pair.my_sshkey",
            "aws_security_group.my_sg_web",
            "data.aws_ami.amazon_linux",
            "module.my_vpc.aws_subnet.public",
            "module.my_vpc.aws_vpc.this",
            "module.my_vpc.aws_vpc_ipv4_cidr_block_association.this"
          ]
        }
      ]
    },
    {
      "mode": "managed",
      "type": "aws_instance",
      "name": "my_instance",
      "provider": "provider[\"registry.terraform.io/hashicorp/aws\"]",
      "instances": [
        {
          "index_key": 0,
          "schema_version": 1,
          "attributes": {
            "ami": "ami-03787d1dcbb31f926",
            "arn": "arn:aws:ec2:ap-northeast-2:552663305295:instance/i-0383c9eece74c254d",
            "associate_public_ip_address": true,
            "availability_zone": "ap-northeast-2a",
            "capacity_reservation_specification": [
              {
                "capacity_reservation_preference": "open",
                "capacity_reservation_target": []
              }
            ],
            "cpu_core_count": 1,
            "cpu_threads_per_core": 2,
            "credit_specification": [
              {
                "cpu_credits": "unlimited"
              }
            ],
            "disable_api_termination": false,
            "ebs_block_device": [],
            "ebs_optimized": false,
            "enclave_options": [
              {
                "enabled": false
              }
            ],
            "ephemeral_block_device": [],
            "get_password_data": false,
            "hibernation": false,
            "host_id": null,
            "iam_instance_profile": "",
            "id": "i-0383c9eece74c254d",
            "instance_initiated_shutdown_behavior": "stop",
            "instance_state": "running",
            "instance_type": "t3.micro",
            "ipv6_address_count": 0,
            "ipv6_addresses": [],
            "key_name": "my_sshkey",
            "launch_template": [],
            "metadata_options": [
              {
                "http_endpoint": "enabled",
                "http_put_response_hop_limit": 1,
                "http_tokens": "optional"
              }
            ],
            "monitoring": false,
            "network_interface": [],
            "outpost_arn": "",
            "password_data": "",
            "placement_group": "",
            "primary_network_interface_id": "eni-04dcddd455d11ce4e",
            "private_dns": "ip-10-0-1-167.ap-northeast-2.compute.internal",
            "private_ip": "10.0.1.167",
            "public_dns": "",
            "public_ip": "3.36.63.233",
            "root_block_device": [
              {
                "delete_on_termination": true,
                "device_name": "/dev/xvda",
                "encrypted": false,
                "iops": 0,
                "kms_key_id": "",
                "tags": {},
                "throughput": 0,
                "volume_id": "vol-0e167f1cf6cae7569",
                "volume_size": 8,
                "volume_type": "standard"
              }
            ],
            "secondary_private_ips": [],
            "security_groups": [],
            "source_dest_check": true,
            "subnet_id": "subnet-053d79d57d291b191",
            "tags": {
              "Owner": "Community Team",
              "Service": "forum"
            },
            "tags_all": {
              "Owner": "Community Team",
              "Service": "forum"
            },
            "tenancy": "default",
            "timeouts": null,
            "user_data": null,
            "user_data_base64": null,
            "volume_tags": null,
            "vpc_security_group_ids": [
              "sg-088ec0edc086c5ae2"
            ]
          },
          "sensitive_attributes": [],
          "private": "eyJlMmJmYjczMC1lY2FhLTExZTYtOGY4OC0zNDM2M2JjN2M0YzAiOnsiY3JlYXRlIjo2MDAwMDAwMDAwMDAsImRlbGV0ZSI6MTIwMDAwMDAwMDAwMCwidXBkYXRlIjo2MDAwMDAwMDAwMDB9LCJzY2hlbWFfdmVyc2lvbiI6IjEifQ==",
          "dependencies": [
            "aws_key_pair.my_sshkey",
            "aws_security_group.my_sg_web",
            "data.aws_ami.amazon_linux",
            "module.my_vpc.aws_subnet.public",
            "module.my_vpc.aws_vpc.this",
            "module.my_vpc.aws_vpc_ipv4_cidr_block_association.this"
          ]
        },
        {
          "index_key": 1,
          "schema_version": 1,
          "attributes": {
            "ami": "ami-03787d1dcbb31f926",
            "arn": "arn:aws:ec2:ap-northeast-2:552663305295:instance/i-083d15090f614a881",
            "associate_public_ip_address": true,
            "availability_zone": "ap-northeast-2c",
            "capacity_reservation_specification": [
              {
                "capacity_reservation_preference": "open",
                "capacity_reservation_target": []
              }
            ],
            "cpu_core_count": 1,
            "cpu_threads_per_core": 2,
            "credit_specification": [
              {
                "cpu_credits": "unlimited"
              }
            ],
            "disable_api_termination": false,
            "ebs_block_device": [],
            "ebs_optimized": false,
            "enclave_options": [
              {
                "enabled": false
              }
            ],
            "ephemeral_block_device": [],
            "get_password_data": false,
            "hibernation": false,
            "host_id": null,
            "iam_instance_profile": "",
            "id": "i-083d15090f614a881",
            "instance_initiated_shutdown_behavior": "stop",
            "instance_state": "running",
            "instance_type": "t3.micro",
            "ipv6_address_count": 0,
            "ipv6_addresses": [],
            "key_name": "my_sshkey",
            "launch_template": [],
            "metadata_options": [
              {
                "http_endpoint": "enabled",
                "http_put_response_hop_limit": 1,
                "http_tokens": "optional"
              }
            ],
            "monitoring": false,
            "network_interface": [],
            "outpost_arn": "",
            "password_data": "",
            "placement_group": "",
            "primary_network_interface_id": "eni-0bc6548eee62b9fe5",
            "private_dns": "ip-10-0-2-16.ap-northeast-2.compute.internal",
            "private_ip": "10.0.2.16",
            "public_dns": "",
            "public_ip": "13.125.20.102",
            "root_block_device": [
              {
                "delete_on_termination": true,
                "device_name": "/dev/xvda",
                "encrypted": false,
                "iops": 0,
                "kms_key_id": "",
                "tags": {},
                "throughput": 0,
                "volume_id": "vol-0099c7894099ccc34",
                "volume_size": 8,
                "volume_type": "standard"
              }
            ],
            "secondary_private_ips": [],
            "security_groups": [],
            "source_dest_check": true,
            "subnet_id": "subnet-06711db623352c535",
            "tags": {
              "Owner": "Community Team",
              "Service": "forum"
            },
            "tags_all": {
              "Owner": "Community Team",
              "Service": "forum"
            },
            "tenancy": "default",
            "timeouts": null,
            "user_data": null,
            "user_data_base64": null,
            "volume_tags": null,
            "vpc_security_group_ids": [
              "sg-088ec0edc086c5ae2"
            ]
          },
          "sensitive_attributes": [],
          "private": "eyJlMmJmYjczMC1lY2FhLTExZTYtOGY4OC0zNDM2M2JjN2M0YzAiOnsiY3JlYXRlIjo2MDAwMDAwMDAwMDAsImRlbGV0ZSI6MTIwMDAwMDAwMDAwMCwidXBkYXRlIjo2MDAwMDAwMDAwMDB9LCJzY2hlbWFfdmVyc2lvbiI6IjEifQ==",
          "dependencies": [
            "aws_key_pair.my_sshkey",
            "aws_security_group.my_sg_web",
            "data.aws_ami.amazon_linux",
            "module.my_vpc.aws_subnet.public",
            "module.my_vpc.aws_vpc.this",
            "module.my_vpc.aws_vpc_ipv4_cidr_block_association.this"
          ]
        }
      ]
    },
    {
      "mode": "managed",
      "type": "aws_key_pair",
      "name": "my_sshkey",
      "provider": "provider[\"registry.terraform.io/hashicorp/aws\"]",
      "instances": [
        {
          "schema_version": 1,
          "attributes": {
            "arn": "arn:aws:ec2:ap-northeast-2:552663305295:key-pair/my_sshkey",
            "fingerprint": "f3:93:1c:00:17:e1:b3:33:fa:5c:6d:1b:e5:fd:92:5c",
            "id": "my_sshkey",
            "key_name": "my_sshkey",
            "key_name_prefix": null,
            "key_pair_id": "key-033f3f260bbd51fc7",
            "public_key": "ssh-rsa AAAAB3NzaC1yc2EAAAADAQABAAABgQDAy3zZPMxQ7vTGQMa748kCdc7uyVlnVa1w4hoNnCCa/kE30rnxBKSzAe2n/3Zr/LnOQodxNTNx8yHsPXd5PZ55zs3/1t92BWPs4FVSo76Kr+LdV0gy6SA2sxkvbyU1hlxwB0D8tWIvSTiCYftaCIQz6yC+ng6u7MK0aXxpd76733FFTaQnLwJyEc3/vYsvaTQAtvrK6MLhwOJ9J6HX8REFEvjKLuKP3tXEZ6Hfcl8YycYo4LqsP5KMgwOEl8d9gBoOeElcSW1q8ORwwnmVxwCREJwpL6w02oYYmKbg90dN4avWA1i4M5xik/SqMHoHvb5EFbWd6MR3wqTwOZferYPQl/IR3H7TtE5DTJPfYHeObyHB588/UU6GJAadsZDp1tPe/E2WwrkCD4g4tpcXaqsUmTU3ajFjiqs/h3/NHMzHFocJA4t+2F0jaWEmApKxW3qcP6R91qh2+vumgIe/UCrtf8HmzBF//ciARsQjmxT6xy/dZJES8RdYZVekLFNz0UU= azwell@azwell-KVM",
            "tags": null,
            "tags_all": {}
          },
          "sensitive_attributes": [],
          "private": "eyJzY2hlbWFfdmVyc2lvbiI6IjEifQ=="
        }
      ]
    },
    {
      "mode": "managed",
      "type": "aws_security_group",
      "name": "my_sg_web",
      "provider": "provider[\"registry.terraform.io/hashicorp/aws\"]",
      "instances": [
        {
          "schema_version": 1,
          "attributes": {
            "arn": "arn:aws:ec2:ap-northeast-2:552663305295:security-group/sg-088ec0edc086c5ae2",
            "description": "Managed by Terraform",
            "egress": [
              {
                "cidr_blocks": [
                  "0.0.0.0/0"
                ],
                "description": "",
                "from_port": 0,
                "ipv6_cidr_blocks": [],
                "prefix_list_ids": [],
                "protocol": "-1",
                "security_groups": [],
                "self": false,
                "to_port": 0
              }
            ],
            "id": "sg-088ec0edc086c5ae2",
            "ingress": [
              {
                "cidr_blocks": [
                  "0.0.0.0/0"
                ],
                "description": "",
                "from_port": 22,
                "ipv6_cidr_blocks": [],
                "prefix_list_ids": [],
                "protocol": "tcp",
                "security_groups": [],
                "self": false,
                "to_port": 22
              },
              {
                "cidr_blocks": [
                  "0.0.0.0/0"
                ],
                "description": "",
                "from_port": 80,
                "ipv6_cidr_blocks": [],
                "prefix_list_ids": [],
                "protocol": "tcp",
                "security_groups": [],
                "self": false,
                "to_port": 80
              }
            ],
            "name": "allow-web",
            "name_prefix": "",
            "owner_id": "552663305295",
            "revoke_rules_on_delete": false,
            "tags": null,
            "tags_all": {},
            "timeouts": null,
            "vpc_id": "vpc-0d0ecfdc48d3e2058"
          },
          "sensitive_attributes": [],
          "private": "eyJlMmJmYjczMC1lY2FhLTExZTYtOGY4OC0zNDM2M2JjN2M0YzAiOnsiY3JlYXRlIjo2MDAwMDAwMDAwMDAsImRlbGV0ZSI6OTAwMDAwMDAwMDAwfSwic2NoZW1hX3ZlcnNpb24iOiIxIn0=",
          "dependencies": [
            "module.my_vpc.aws_vpc.this"
          ]
        }
      ]
    },
    {
      "module": "module.my_vpc",
      "mode": "managed",
      "type": "aws_internet_gateway",
      "name": "this",
      "provider": "provider[\"registry.terraform.io/hashicorp/aws\"]",
      "instances": [
        {
          "index_key": 0,
          "schema_version": 0,
          "attributes": {
            "arn": "arn:aws:ec2:ap-northeast-2:552663305295:internet-gateway/igw-0df3f47c58df9f3d4",
            "id": "igw-0df3f47c58df9f3d4",
            "owner_id": "552663305295",
            "tags": {
              "Name": "my-vpc",
              "Owner": "Community Team",
              "Service": "forum"
            },
            "tags_all": {
              "Name": "my-vpc",
              "Owner": "Community Team",
              "Service": "forum"
            },
            "vpc_id": "vpc-0d0ecfdc48d3e2058"
          },
          "sensitive_attributes": [],
          "private": "bnVsbA==",
          "dependencies": [
            "module.my_vpc.aws_vpc.this",
            "module.my_vpc.aws_vpc_ipv4_cidr_block_association.this"
          ]
        }
      ]
    },
    {
      "module": "module.my_vpc",
      "mode": "managed",
      "type": "aws_route",
      "name": "public_internet_gateway",
      "provider": "provider[\"registry.terraform.io/hashicorp/aws\"]",
      "instances": [
        {
          "index_key": 0,
          "schema_version": 0,
          "attributes": {
            "carrier_gateway_id": "",
            "destination_cidr_block": "0.0.0.0/0",
            "destination_ipv6_cidr_block": "",
            "destination_prefix_list_id": "",
            "egress_only_gateway_id": "",
            "gateway_id": "igw-0df3f47c58df9f3d4",
            "id": "r-rtb-015b93cdf82af8f911080289494",
            "instance_id": "",
            "instance_owner_id": "",
            "local_gateway_id": "",
            "nat_gateway_id": "",
            "network_interface_id": "",
            "origin": "CreateRoute",
            "route_table_id": "rtb-015b93cdf82af8f91",
            "state": "active",
            "timeouts": {
              "create": "5m",
              "delete": null,
              "update": null
            },
            "transit_gateway_id": "",
            "vpc_endpoint_id": "",
            "vpc_peering_connection_id": ""
          },
          "sensitive_attributes": [],
          "private": "eyJlMmJmYjczMC1lY2FhLTExZTYtOGY4OC0zNDM2M2JjN2M0YzAiOnsiY3JlYXRlIjozMDAwMDAwMDAwMDAsImRlbGV0ZSI6MzAwMDAwMDAwMDAwLCJ1cGRhdGUiOjEyMDAwMDAwMDAwMH19",
          "dependencies": [
            "module.my_vpc.aws_internet_gateway.this",
            "module.my_vpc.aws_route_table.public",
            "module.my_vpc.aws_vpc.this",
            "module.my_vpc.aws_vpc_ipv4_cidr_block_association.this"
          ]
        }
      ]
    },
    {
      "module": "module.my_vpc",
      "mode": "managed",
      "type": "aws_route_table",
      "name": "private",
      "provider": "provider[\"registry.terraform.io/hashicorp/aws\"]",
      "instances": [
        {
          "index_key": 0,
          "schema_version": 0,
          "attributes": {
            "arn": "arn:aws:ec2:ap-northeast-2:552663305295:route-table/rtb-02cb10c843d635a4a",
            "id": "rtb-02cb10c843d635a4a",
            "owner_id": "552663305295",
            "propagating_vgws": [],
            "route": [],
            "tags": {
              "Name": "my-vpc-private-ap-northeast-2a",
              "Owner": "Community Team",
              "Service": "forum"
            },
            "tags_all": {
              "Name": "my-vpc-private-ap-northeast-2a",
              "Owner": "Community Team",
              "Service": "forum"
            },
            "timeouts": null,
            "vpc_id": "vpc-0d0ecfdc48d3e2058"
          },
          "sensitive_attributes": [],
          "private": "eyJlMmJmYjczMC1lY2FhLTExZTYtOGY4OC0zNDM2M2JjN2M0YzAiOnsiY3JlYXRlIjoxMjAwMDAwMDAwMDAsImRlbGV0ZSI6MzAwMDAwMDAwMDAwLCJ1cGRhdGUiOjEyMDAwMDAwMDAwMH19",
          "dependencies": [
            "module.my_vpc.aws_vpc.this",
            "module.my_vpc.aws_vpc_ipv4_cidr_block_association.this"
          ]
        },
        {
          "index_key": 1,
          "schema_version": 0,
          "attributes": {
            "arn": "arn:aws:ec2:ap-northeast-2:552663305295:route-table/rtb-0e2c477b3787ad7c5",
            "id": "rtb-0e2c477b3787ad7c5",
            "owner_id": "552663305295",
            "propagating_vgws": [],
            "route": [],
            "tags": {
              "Name": "my-vpc-private-ap-northeast-2c",
              "Owner": "Community Team",
              "Service": "forum"
            },
            "tags_all": {
              "Name": "my-vpc-private-ap-northeast-2c",
              "Owner": "Community Team",
              "Service": "forum"
            },
            "timeouts": null,
            "vpc_id": "vpc-0d0ecfdc48d3e2058"
          },
          "sensitive_attributes": [],
          "private": "eyJlMmJmYjczMC1lY2FhLTExZTYtOGY4OC0zNDM2M2JjN2M0YzAiOnsiY3JlYXRlIjoxMjAwMDAwMDAwMDAsImRlbGV0ZSI6MzAwMDAwMDAwMDAwLCJ1cGRhdGUiOjEyMDAwMDAwMDAwMH19",
          "dependencies": [
            "module.my_vpc.aws_vpc.this",
            "module.my_vpc.aws_vpc_ipv4_cidr_block_association.this"
          ]
        }
      ]
    },
    {
      "module": "module.my_vpc",
      "mode": "managed",
      "type": "aws_route_table",
      "name": "public",
      "provider": "provider[\"registry.terraform.io/hashicorp/aws\"]",
      "instances": [
        {
          "index_key": 0,
          "schema_version": 0,
          "attributes": {
            "arn": "arn:aws:ec2:ap-northeast-2:552663305295:route-table/rtb-015b93cdf82af8f91",
            "id": "rtb-015b93cdf82af8f91",
            "owner_id": "552663305295",
            "propagating_vgws": [],
            "route": [],
            "tags": {
              "Name": "my-vpc-public",
              "Owner": "Community Team",
              "Service": "forum"
            },
            "tags_all": {
              "Name": "my-vpc-public",
              "Owner": "Community Team",
              "Service": "forum"
            },
            "timeouts": null,
            "vpc_id": "vpc-0d0ecfdc48d3e2058"
          },
          "sensitive_attributes": [],
          "private": "eyJlMmJmYjczMC1lY2FhLTExZTYtOGY4OC0zNDM2M2JjN2M0YzAiOnsiY3JlYXRlIjoxMjAwMDAwMDAwMDAsImRlbGV0ZSI6MzAwMDAwMDAwMDAwLCJ1cGRhdGUiOjEyMDAwMDAwMDAwMH19",
          "dependencies": [
            "module.my_vpc.aws_vpc.this",
            "module.my_vpc.aws_vpc_ipv4_cidr_block_association.this"
          ]
        }
      ]
    },
    {
      "module": "module.my_vpc",
      "mode": "managed",
      "type": "aws_route_table_association",
      "name": "private",
      "provider": "provider[\"registry.terraform.io/hashicorp/aws\"]",
      "instances": [
        {
          "index_key": 0,
          "schema_version": 0,
          "attributes": {
            "gateway_id": "",
            "id": "rtbassoc-01cf3eadd4a57a299",
            "route_table_id": "rtb-02cb10c843d635a4a",
            "subnet_id": "subnet-0697b14a5eb2f08e5"
          },
          "sensitive_attributes": [],
          "private": "bnVsbA==",
          "dependencies": [
            "module.my_vpc.aws_route_table.private",
            "module.my_vpc.aws_subnet.private",
            "module.my_vpc.aws_vpc.this",
            "module.my_vpc.aws_vpc_ipv4_cidr_block_association.this"
          ]
        },
        {
          "index_key": 1,
          "schema_version": 0,
          "attributes": {
            "gateway_id": "",
            "id": "rtbassoc-00db70c4dac6660ea",
            "route_table_id": "rtb-0e2c477b3787ad7c5",
            "subnet_id": "subnet-04ea1384d21491f1a"
          },
          "sensitive_attributes": [],
          "private": "bnVsbA==",
          "dependencies": [
            "module.my_vpc.aws_route_table.private",
            "module.my_vpc.aws_subnet.private",
            "module.my_vpc.aws_vpc.this",
            "module.my_vpc.aws_vpc_ipv4_cidr_block_association.this"
          ]
        }
      ]
    },
    {
      "module": "module.my_vpc",
      "mode": "managed",
      "type": "aws_route_table_association",
      "name": "public",
      "provider": "provider[\"registry.terraform.io/hashicorp/aws\"]",
      "instances": [
        {
          "index_key": 0,
          "schema_version": 0,
          "attributes": {
            "gateway_id": "",
            "id": "rtbassoc-0a94565254f0c07a7",
            "route_table_id": "rtb-015b93cdf82af8f91",
            "subnet_id": "subnet-053d79d57d291b191"
          },
          "sensitive_attributes": [],
          "private": "bnVsbA==",
          "dependencies": [
            "module.my_vpc.aws_route_table.public",
            "module.my_vpc.aws_subnet.public",
            "module.my_vpc.aws_vpc.this",
            "module.my_vpc.aws_vpc_ipv4_cidr_block_association.this"
          ]
        },
        {
          "index_key": 1,
          "schema_version": 0,
          "attributes": {
            "gateway_id": "",
            "id": "rtbassoc-02cc93d079f7f2558",
            "route_table_id": "rtb-015b93cdf82af8f91",
            "subnet_id": "subnet-06711db623352c535"
          },
          "sensitive_attributes": [],
          "private": "bnVsbA==",
          "dependencies": [
            "module.my_vpc.aws_route_table.public",
            "module.my_vpc.aws_subnet.public",
            "module.my_vpc.aws_vpc.this",
            "module.my_vpc.aws_vpc_ipv4_cidr_block_association.this"
          ]
        }
      ]
    },
    {
      "module": "module.my_vpc",
      "mode": "managed",
      "type": "aws_subnet",
      "name": "private",
      "provider": "provider[\"registry.terraform.io/hashicorp/aws\"]",
      "instances": [
        {
          "index_key": 0,
          "schema_version": 1,
          "attributes": {
            "arn": "arn:aws:ec2:ap-northeast-2:552663305295:subnet/subnet-0697b14a5eb2f08e5",
            "assign_ipv6_address_on_creation": false,
            "availability_zone": "ap-northeast-2a",
            "availability_zone_id": "apne2-az1",
            "cidr_block": "10.0.101.0/24",
            "customer_owned_ipv4_pool": "",
            "id": "subnet-0697b14a5eb2f08e5",
            "ipv6_cidr_block": "",
            "ipv6_cidr_block_association_id": "",
            "map_customer_owned_ip_on_launch": false,
            "map_public_ip_on_launch": false,
            "outpost_arn": "",
            "owner_id": "552663305295",
            "tags": {
              "Name": "my-vpc-private-ap-northeast-2a",
              "Owner": "Community Team",
              "Service": "forum"
            },
            "tags_all": {
              "Name": "my-vpc-private-ap-northeast-2a",
              "Owner": "Community Team",
              "Service": "forum"
            },
            "timeouts": null,
            "vpc_id": "vpc-0d0ecfdc48d3e2058"
          },
          "sensitive_attributes": [],
          "private": "eyJlMmJmYjczMC1lY2FhLTExZTYtOGY4OC0zNDM2M2JjN2M0YzAiOnsiY3JlYXRlIjo2MDAwMDAwMDAwMDAsImRlbGV0ZSI6MTIwMDAwMDAwMDAwMH0sInNjaGVtYV92ZXJzaW9uIjoiMSJ9",
          "dependencies": [
            "module.my_vpc.aws_vpc.this",
            "module.my_vpc.aws_vpc_ipv4_cidr_block_association.this"
          ]
        },
        {
          "index_key": 1,
          "schema_version": 1,
          "attributes": {
            "arn": "arn:aws:ec2:ap-northeast-2:552663305295:subnet/subnet-04ea1384d21491f1a",
            "assign_ipv6_address_on_creation": false,
            "availability_zone": "ap-northeast-2c",
            "availability_zone_id": "apne2-az3",
            "cidr_block": "10.0.102.0/24",
            "customer_owned_ipv4_pool": "",
            "id": "subnet-04ea1384d21491f1a",
            "ipv6_cidr_block": "",
            "ipv6_cidr_block_association_id": "",
            "map_customer_owned_ip_on_launch": false,
            "map_public_ip_on_launch": false,
            "outpost_arn": "",
            "owner_id": "552663305295",
            "tags": {
              "Name": "my-vpc-private-ap-northeast-2c",
              "Owner": "Community Team",
              "Service": "forum"
            },
            "tags_all": {
              "Name": "my-vpc-private-ap-northeast-2c",
              "Owner": "Community Team",
              "Service": "forum"
            },
            "timeouts": null,
            "vpc_id": "vpc-0d0ecfdc48d3e2058"
          },
          "sensitive_attributes": [],
          "private": "eyJlMmJmYjczMC1lY2FhLTExZTYtOGY4OC0zNDM2M2JjN2M0YzAiOnsiY3JlYXRlIjo2MDAwMDAwMDAwMDAsImRlbGV0ZSI6MTIwMDAwMDAwMDAwMH0sInNjaGVtYV92ZXJzaW9uIjoiMSJ9",
          "dependencies": [
            "module.my_vpc.aws_vpc.this",
            "module.my_vpc.aws_vpc_ipv4_cidr_block_association.this"
          ]
        }
      ]
    },
    {
      "module": "module.my_vpc",
      "mode": "managed",
      "type": "aws_subnet",
      "name": "public",
      "provider": "provider[\"registry.terraform.io/hashicorp/aws\"]",
      "instances": [
        {
          "index_key": 0,
          "schema_version": 1,
          "attributes": {
            "arn": "arn:aws:ec2:ap-northeast-2:552663305295:subnet/subnet-053d79d57d291b191",
            "assign_ipv6_address_on_creation": false,
            "availability_zone": "ap-northeast-2a",
            "availability_zone_id": "apne2-az1",
            "cidr_block": "10.0.1.0/24",
            "customer_owned_ipv4_pool": "",
            "id": "subnet-053d79d57d291b191",
            "ipv6_cidr_block": "",
            "ipv6_cidr_block_association_id": "",
            "map_customer_owned_ip_on_launch": false,
            "map_public_ip_on_launch": true,
            "outpost_arn": "",
            "owner_id": "552663305295",
            "tags": {
              "Name": "my-vpc-public-ap-northeast-2a",
              "Owner": "Community Team",
              "Service": "forum"
            },
            "tags_all": {
              "Name": "my-vpc-public-ap-northeast-2a",
              "Owner": "Community Team",
              "Service": "forum"
            },
            "timeouts": null,
            "vpc_id": "vpc-0d0ecfdc48d3e2058"
          },
          "sensitive_attributes": [],
          "private": "eyJlMmJmYjczMC1lY2FhLTExZTYtOGY4OC0zNDM2M2JjN2M0YzAiOnsiY3JlYXRlIjo2MDAwMDAwMDAwMDAsImRlbGV0ZSI6MTIwMDAwMDAwMDAwMH0sInNjaGVtYV92ZXJzaW9uIjoiMSJ9",
          "dependencies": [
            "module.my_vpc.aws_vpc.this",
            "module.my_vpc.aws_vpc_ipv4_cidr_block_association.this"
          ]
        },
        {
          "index_key": 1,
          "schema_version": 1,
          "attributes": {
            "arn": "arn:aws:ec2:ap-northeast-2:552663305295:subnet/subnet-06711db623352c535",
            "assign_ipv6_address_on_creation": false,
            "availability_zone": "ap-northeast-2c",
            "availability_zone_id": "apne2-az3",
            "cidr_block": "10.0.2.0/24",
            "customer_owned_ipv4_pool": "",
            "id": "subnet-06711db623352c535",
            "ipv6_cidr_block": "",
            "ipv6_cidr_block_association_id": "",
            "map_customer_owned_ip_on_launch": false,
            "map_public_ip_on_launch": true,
            "outpost_arn": "",
            "owner_id": "552663305295",
            "tags": {
              "Name": "my-vpc-public-ap-northeast-2c",
              "Owner": "Community Team",
              "Service": "forum"
            },
            "tags_all": {
              "Name": "my-vpc-public-ap-northeast-2c",
              "Owner": "Community Team",
              "Service": "forum"
            },
            "timeouts": null,
            "vpc_id": "vpc-0d0ecfdc48d3e2058"
          },
          "sensitive_attributes": [],
          "private": "eyJlMmJmYjczMC1lY2FhLTExZTYtOGY4OC0zNDM2M2JjN2M0YzAiOnsiY3JlYXRlIjo2MDAwMDAwMDAwMDAsImRlbGV0ZSI6MTIwMDAwMDAwMDAwMH0sInNjaGVtYV92ZXJzaW9uIjoiMSJ9",
          "dependencies": [
            "module.my_vpc.aws_vpc.this",
            "module.my_vpc.aws_vpc_ipv4_cidr_block_association.this"
          ]
        }
      ]
    },
    {
      "module": "module.my_vpc",
      "mode": "managed",
      "type": "aws_vpc",
      "name": "this",
      "provider": "provider[\"registry.terraform.io/hashicorp/aws\"]",
      "instances": [
        {
          "index_key": 0,
          "schema_version": 1,
          "attributes": {
            "arn": "arn:aws:ec2:ap-northeast-2:552663305295:vpc/vpc-0d0ecfdc48d3e2058",
            "assign_generated_ipv6_cidr_block": false,
            "cidr_block": "10.0.0.0/16",
            "default_network_acl_id": "acl-0086af0fbc3d82bea",
            "default_route_table_id": "rtb-0d952121fccd97dec",
            "default_security_group_id": "sg-004723511daf62edc",
            "dhcp_options_id": "dopt-0f983ca3ce6311be6",
            "enable_classiclink": null,
            "enable_classiclink_dns_support": null,
            "enable_dns_hostnames": false,
            "enable_dns_support": true,
            "id": "vpc-0d0ecfdc48d3e2058",
            "instance_tenancy": "default",
            "ipv6_association_id": "",
            "ipv6_cidr_block": "",
            "main_route_table_id": "rtb-0d952121fccd97dec",
            "owner_id": "552663305295",
            "tags": {
              "Name": "my-vpc",
              "Owner": "Community Team",
              "Service": "forum"
            },
            "tags_all": {
              "Name": "my-vpc",
              "Owner": "Community Team",
              "Service": "forum"
            }
          },
          "sensitive_attributes": [],
          "private": "eyJzY2hlbWFfdmVyc2lvbiI6IjEifQ=="
        }
      ]
    }
  ]
}
